// !$*UTF8*$!
{
	archiveVersion = 1;
	classes = {
	};
	objectVersion = 46;
	objects = {

/* Begin PBXBuildFile section */
		24B6E7DB1BE797300052CCDD /* AppDelegate.swift in Sources */ = {isa = PBXBuildFile; fileRef = 24B6E7DA1BE797300052CCDD /* AppDelegate.swift */; };
		24B6E7DD1BE797300052CCDD /* ViewController.swift in Sources */ = {isa = PBXBuildFile; fileRef = 24B6E7DC1BE797300052CCDD /* ViewController.swift */; };
		24B6E7E01BE797300052CCDD /* Main.storyboard in Resources */ = {isa = PBXBuildFile; fileRef = 24B6E7DE1BE797300052CCDD /* Main.storyboard */; };
		24B6E7E21BE797300052CCDD /* Assets.xcassets in Resources */ = {isa = PBXBuildFile; fileRef = 24B6E7E11BE797300052CCDD /* Assets.xcassets */; };
		24B6E7E51BE797300052CCDD /* LaunchScreen.storyboard in Resources */ = {isa = PBXBuildFile; fileRef = 24B6E7E31BE797300052CCDD /* LaunchScreen.storyboard */; };
/* End PBXBuildFile section */

/* Begin PBXFileReference section */
		24B6E7D71BE797300052CCDD /* firebase-example.app */ = {isa = PBXFileReference; explicitFileType = wrapper.application; includeInIndex = 0; path = "firebase-example.app"; sourceTree = BUILT_PRODUCTS_DIR; };
		24B6E7DA1BE797300052CCDD /* AppDelegate.swift */ = {isa = PBXFileReference; lastKnownFileType = sourcecode.swift; path = AppDelegate.swift; sourceTree = "<group>"; };
		24B6E7DC1BE797300052CCDD /* ViewController.swift */ = {isa = PBXFileReference; lastKnownFileType = sourcecode.swift; path = ViewController.swift; sourceTree = "<group>"; };
		24B6E7DF1BE797300052CCDD /* Base */ = {isa = PBXFileReference; lastKnownFileType = file.storyboard; name = Base; path = Base.lproj/Main.storyboard; sourceTree = "<group>"; };
		24B6E7E11BE797300052CCDD /* Assets.xcassets */ = {isa = PBXFileReference; lastKnownFileType = folder.assetcatalog; path = Assets.xcassets; sourceTree = "<group>"; };
		24B6E7E41BE797300052CCDD /* Base */ = {isa = PBXFileReference; lastKnownFileType = file.storyboard; name = Base; path = Base.lproj/LaunchScreen.storyboard; sourceTree = "<group>"; };
		24B6E7E61BE797300052CCDD /* Info.plist */ = {isa = PBXFileReference; lastKnownFileType = text.plist.xml; path = Info.plist; sourceTree = "<group>"; };
/* End PBXFileReference section */

/* Begin PBXFrameworksBuildPhase section */
		24B6E7D41BE797300052CCDD /* Frameworks */ = {
			isa = PBXFrameworksBuildPhase;
			buildActionMask = 2147483647;
			files = (
			);
			runOnlyForDeploymentPostprocessing = 0;
		};
/* End PBXFrameworksBuildPhase section */

/* Begin PBXGroup section */
		24B6E7CE1BE797300052CCDD = {
			isa = PBXGroup;
			children = (
				24B6E7D91BE797300052CCDD /* firebase-example */,
				24B6E7D81BE797300052CCDD /* Products */,
			);
			sourceTree = "<group>";
		};
		24B6E7D81BE797300052CCDD /* Products */ = {
			isa = PBXGroup;
			children = (
				24B6E7D71BE797300052CCDD /* firebase-example.app */,
			);
			name = Products;
			sourceTree = "<group>";
		};
		24B6E7D91BE797300052CCDD /* firebase-example */ = {
			isa = PBXGroup;
			children = (
				24B6E7DA1BE797300052CCDD /* AppDelegate.swift */,
				24B6E7DC1BE797300052CCDD /* ViewController.swift */,
				24B6E7DE1BE797300052CCDD /* Main.storyboard */,
				24B6E7E11BE797300052CCDD /* Assets.xcassets */,
				24B6E7E31BE797300052CCDD /* LaunchScreen.storyboard */,
				24B6E7E61BE797300052CCDD /* Info.plist */,
			);
			path = "firebase-example";
			sourceTree = "<group>";
		};
/* End PBXGroup section */

/* Begin PBXNativeTarget section */
		24B6E7D61BE797300052CCDD /* firebase-example */ = {
			isa = PBXNativeTarget;
			buildConfigurationList = 24B6E7E91BE797300052CCDD /* Build configuration list for PBXNativeTarget "firebase-example" */;
			buildPhases = (
				24B6E7D31BE797300052CCDD /* Sources */,
				24B6E7D41BE797300052CCDD /* Frameworks */,
				24B6E7D51BE797300052CCDD /* Resources */,
			);
			buildRules = (
			);
			dependencies = (
			);
			name = "firebase-example";
			productName = "firebase-example";
			productReference = 24B6E7D71BE797300052CCDD /* firebase-example.app */;
			productType = "com.apple.product-type.application";
		};
/* End PBXNativeTarget section */

/* Begin PBXProject section */
		24B6E7CF1BE797300052CCDD /* Project object */ = {
			isa = PBXProject;
			attributes = {
				LastSwiftUpdateCheck = 0710;
				LastUpgradeCheck = 0710;
				ORGANIZATIONNAME = "Nikolai Volochaev";
				TargetAttributes = {
					24B6E7D61BE797300052CCDD = {
						CreatedOnToolsVersion = 7.1;
						DevelopmentTeam = 6EBJY5BMEU;
					};
				};
			};
			buildConfigurationList = 24B6E7D21BE797300052CCDD /* Build configuration list for PBXProject "firebase-example" */;
			compatibilityVersion = "Xcode 3.2";
			developmentRegion = English;
			hasScannedForEncodings = 0;
			knownRegions = (
				en,
				Base,
			);
			mainGroup = 24B6E7CE1BE797300052CCDD;
			productRefGroup = 24B6E7D81BE797300052CCDD /* Products */;
			projectDirPath = "";
			projectRoot = "";
			targets = (
				24B6E7D61BE797300052CCDD /* firebase-example */,
			);
		};
/* End PBXProject section */

/* Begin PBXResourcesBuildPhase section */
		24B6E7D51BE797300052CCDD /* Resources */ = {
			isa = PBXResourcesBuildPhase;
			buildActionMask = 2147483647;
			files = (
				24B6E7E51BE797300052CCDD /* LaunchScreen.storyboard in Resources */,
				24B6E7E21BE797300052CCDD /* Assets.xcassets in Resources */,
				24B6E7E01BE797300052CCDD /* Main.storyboard in Resources */,
			);
			runOnlyForDeploymentPostprocessing = 0;
		};
/* End PBXResourcesBuildPhase section */

/* Begin PBXSourcesBuildPhase section */
		24B6E7D31BE797300052CCDD /* Sources */ = {
			isa = PBXSourcesBuildPhase;
			buildActionMask = 2147483647;
			files = (
				24B6E7DD1BE797300052CCDD /* ViewController.swift in Sources */,
				24B6E7DB1BE797300052CCDD /* AppDelegate.swift in Sources */,
			);
			runOnlyForDeploymentPostprocessing = 0;
		};
/* End PBXSourcesBuildPhase section */

/* Begin PBXVariantGroup section */
		24B6E7DE1BE797300052CCDD /* Main.storyboard */ = {
			isa = PBXVariantGroup;
			children = (
				24B6E7DF1BE797300052CCDD /* Base */,
			);
			name = Main.storyboard;
			sourceTree = "<group>";
		};
		24B6E7E31BE797300052CCDD /* LaunchScreen.storyboard */ = {
			isa = PBXVariantGroup;
			children = (
				24B6E7E41BE797300052CCDD /* Base */,
			);
			name = LaunchScreen.storyboard;
			sourceTree = "<group>";
		};
/* End PBXVariantGroup section */

/* Begin XCBuildConfiguration section */
		24B6E7E71BE797300052CCDD /* Debug */ = {
			isa = XCBuildConfiguration;
			buildSettings = {
				ALWAYS_SEARCH_USER_PATHS = NO;
				CLANG_CXX_LANGUAGE_STANDARD = "gnu++0x";
				CLANG_CXX_LIBRARY = "libc++";
				CLANG_ENABLE_MODULES = YES;
				CLANG_ENABLE_OBJC_ARC = YES;
				CLANG_WARN_BOOL_CONVERSION = YES;
				CLANG_WARN_CONSTANT_CONVERSION = YES;
				CLANG_WARN_DIRECT_OBJC_ISA_USAGE = YES_ERROR;
				CLANG_WARN_EMPTY_BODY = YES;
				CLANG_WARN_ENUM_CONVERSION = YES;
				CLANG_WARN_INT_CONVERSION = YES;
				CLANG_WARN_OBJC_ROOT_CLASS = YES_ERROR;
				CLANG_WARN_UNREACHABLE_CODE = YES;
				CLANG_WARN__DUPLICATE_METHOD_MATCH = YES;
				"CODE_SIGN_IDENTITY[sdk=iphoneos*]" = "iPhone Developer";
				COPY_PHASE_STRIP = NO;
				DEBUG_INFORMATION_FORMAT = dwarf;
				ENABLE_STRICT_OBJC_MSGSEND = YES;
				ENABLE_TESTABILITY = YES;
				GCC_C_LANGUAGE_STANDARD = gnu99;
				GCC_DYNAMIC_NO_PIC = NO;
				GCC_NO_COMMON_BLOCKS = YES;
				GCC_OPTIMIZATION_LEVEL = 0;
				GCC_PREPROCESSOR_DEFINITIONS = (
					"DEBUG=1",
					"$(inherited)",
				);
				GCC_WARN_64_TO_32_BIT_CONVERSION = YES;
				GCC_WARN_ABOUT_RETURN_TYPE = YES_ERROR;
				GCC_WARN_UNDECLARED_SELECTOR = YES;
				GCC_WARN_UNINITIALIZED_AUTOS = YES_AGGRESSIVE;
				GCC_WARN_UNUSED_FUNCTION = YES;
				GCC_WARN_UNUSED_VARIABLE = YES;
				IPHONEOS_DEPLOYMENT_TARGET = 9.1;
				MTL_ENABLE_DEBUG_INFO = YES;
				ONLY_ACTIVE_ARCH = YES;
				SDKROOT = iphoneos;
				SWIFT_OPTIMIZATION_LEVEL = "-Onone";
				TARGETED_DEVICE_FAMILY = "1,2";
			};
			name = Debug;
		};
		24B6E7E81BE797300052CCDD /* Release */ = {
			isa = XCBuildConfiguration;
			buildSettings = {
				ALWAYS_SEARCH_USER_PATHS = NO;
				CLANG_CXX_LANGUAGE_STANDARD = "gnu++0x";
				CLANG_CXX_LIBRARY = "libc++";
				CLANG_ENABLE_MODULES = YES;
				CLANG_ENABLE_OBJC_ARC = YES;
				CLANG_WARN_BOOL_CONVERSION = YES;
				CLANG_WARN_CONSTANT_CONVERSION = YES;
				CLANG_WARN_DIRECT_OBJC_ISA_USAGE = YES_ERROR;
				CLANG_WARN_EMPTY_BODY = YES;
				CLANG_WARN_ENUM_CONVERSION = YES;
				CLANG_WARN_INT_CONVERSION = YES;
				CLANG_WARN_OBJC_ROOT_CLASS = YES_ERROR;
				CLANG_WARN_UNREACHABLE_CODE = YES;
				CLANG_WARN__DUPLICATE_METHOD_MATCH = YES;
				"CODE_SIGN_IDENTITY[sdk=iphoneos*]" = "iPhone Developer";
				COPY_PHASE_STRIP = NO;
				DEBUG_INFORMATION_FORMAT = "dwarf-with-dsym";
				ENABLE_NS_ASSERTIONS = NO;
				ENABLE_STRICT_OBJC_MSGSEND = YES;
				GCC_C_LANGUAGE_STANDARD = gnu99;
				GCC_NO_COMMON_BLOCKS = YES;
				GCC_WARN_64_TO_32_BIT_CONVERSION = YES;
				GCC_WARN_ABOUT_RETURN_TYPE = YES_ERROR;
				GCC_WARN_UNDECLARED_SELECTOR = YES;
				GCC_WARN_UNINITIALIZED_AUTOS = YES_AGGRESSIVE;
				GCC_WARN_UNUSED_FUNCTION = YES;
				GCC_WARN_UNUSED_VARIABLE = YES;
				IPHONEOS_DEPLOYMENT_TARGET = 9.1;
				MTL_ENABLE_DEBUG_INFO = NO;
				SDKROOT = iphoneos;
				TARGETED_DEVICE_FAMILY = "1,2";
				VALIDATE_PRODUCT = YES;
			};
			name = Release;
		};
		24B6E7EA1BE797300052CCDD /* Debug */ = {
			isa = XCBuildConfiguration;
			buildSettings = {
				ASSETCATALOG_COMPILER_APPICON_NAME = AppIcon;
				INFOPLIST_FILE = "firebase-example/Info.plist";
				LD_RUNPATH_SEARCH_PATHS = "$(inherited) @executable_path/Frameworks";
				PRODUCT_BUNDLE_IDENTIFIER = "net.funriver.firebase-example";
				PRODUCT_NAME = "$(TARGET_NAME)";
			};
			name = Debug;
		};
		24B6E7EB1BE797300052CCDD /* Release */ = {
			isa = XCBuildConfiguration;
			buildSettings = {
				ASSETCATALOG_COMPILER_APPICON_NAME = AppIcon;
				INFOPLIST_FILE = "firebase-example/Info.plist";
				LD_RUNPATH_SEARCH_PATHS = "$(inherited) @executable_path/Frameworks";
				PRODUCT_BUNDLE_IDENTIFIER = "net.funriver.firebase-example";
				PRODUCT_NAME = "$(TARGET_NAME)";
			};
			name = Release;
		};
/* End XCBuildConfiguration section */

/* Begin XCConfigurationList section */
		24B6E7D21BE797300052CCDD /* Build configuration list for PBXProject "firebase-example" */ = {
			isa = XCConfigurationList;
			buildConfigurations = (
				24B6E7E71BE797300052CCDD /* Debug */,
				24B6E7E81BE797300052CCDD /* Release */,
			);
			defaultConfigurationIsVisible = 0;
			defaultConfigurationName = Release;
		};
		24B6E7E91BE797300052CCDD /* Build configuration list for PBXNativeTarget "firebase-example" */ = {
			isa = XCConfigurationList;
			buildConfigurations = (
				24B6E7EA1BE797300052CCDD /* Debug */,
				24B6E7EB1BE797300052CCDD /* Release */,
			);
			defaultConfigurationIsVisible = 0;
		};
/* End XCConfigurationList section */
	};
	rootObject = 24B6E7CF1BE797300052CCDD /* Project object */;
}
